
Microsoft Visual Studio Solution File, Format Version 12.00
# Visual Studio 2012
Project("{8BC9CEB8-8B4A-11D0-8D11-00A0C91BC942}") = "CurlTestBed", "CurlTestBed\CurlTestBed.vcxproj", "{DD0E0715-9CFD-4463-A821-90BC5AB470C5}"
EndProject
Global
	GlobalSection(SolutionConfigurationPlatforms) = preSolution
		Debug|Win32 = Debug|Win32
		Release|Win32 = Release|Win32
	EndGlobalSection
	GlobalSection(ProjectConfigurationPlatforms) = postSolution
		{DD0E0715-9CFD-4463-A821-90BC5AB470C5}.Debug|Win32.ActiveCfg = Debug|Win32
		{DD0E0715-9CFD-4463-A821-90BC5AB470C5}.Debug|Win32.Build.0 = Debug|Win32
		{DD0E0715-9CFD-4463-A821-90BC5AB470C5}.Release|Win32.ActiveCfg = Release|Win32
		{DD0E0715-9CFD-4463-A821-90BC5AB470C5}.Release|Win32.Build.0 = Release|Win32
	EndGlobalSection
	GlobalSection(SolutionProperties) = preSolution
		HideSolutionNode = FALSE
	EndGlobalSection
EndGlobal
