<?xml version="1.0" encoding="utf-8"?>
<Project ToolsVersion="4.0" xmlns="http://schemas.microsoft.com/developer/msbuild/2003">
  <ItemGroup>
    <Filter Include="头文件">
      <UniqueIdentifier>{93995380-89BD-4b04-88EB-625FBE52EBFB}</UniqueIdentifier>
      <Extensions>h;hpp;hxx;hm;inl;inc;xsd</Extensions>
    </Filter>
    <Filter Include="资源文件">
      <UniqueIdentifier>{67DA6AB6-F800-4c08-8B7A-83BB121AAD01}</UniqueIdentifier>
      <Extensions>rc;ico;cur;bmp;dlg;rc2;rct;bin;rgs;gif;jpg;jpeg;jpe;resx;tiff;tif;png;wav;mfcribbon-ms</Extensions>
    </Filter>
    <Filter Include="SOURCE">
      <UniqueIdentifier>{4FC737F1-C7A5-4376-A066-2A32D752A2FF}</UniqueIdentifier>
      <Extensions>cpp;c;cc;cxx;def;odl;idl;hpj;bat;asm;asmx</Extensions>
    </Filter>
    <Filter Include="SOURCE\task">
      <UniqueIdentifier>{2890dc51-69e6-4f6c-88c9-4af22ca762d6}</UniqueIdentifier>
    </Filter>
    <Filter Include="SOURCE\thread">
      <UniqueIdentifier>{dc6032f2-7e1b-4117-b404-ee936acd48b9}</UniqueIdentifier>
    </Filter>
    <Filter Include="SOURCE\deps">
      <UniqueIdentifier>{ba969966-1e0c-4fa6-afc2-a8125da604ea}</UniqueIdentifier>
    </Filter>
    <Filter Include="SOURCE\deps\cJSON">
      <UniqueIdentifier>{c9939db7-1832-4633-8bad-033f822b81e1}</UniqueIdentifier>
    </Filter>
    <Filter Include="SOURCE\deps\xxhash">
      <UniqueIdentifier>{20e313d1-efab-41b3-be31-69361c8fc6b5}</UniqueIdentifier>
    </Filter>
    <Filter Include="SOURCE\fsm">
      <UniqueIdentifier>{3a7c68ba-ab72-4179-9c73-9b0e4ba3ddd5}</UniqueIdentifier>
    </Filter>
    <Filter Include="SOURCE\base">
      <UniqueIdentifier>{fe089dc2-829f-4c2e-a18f-9872da3779ef}</UniqueIdentifier>
    </Filter>
  </ItemGroup>
  <ItemGroup>
    <ClCompile Include="main.cpp">
      <Filter>SOURCE</Filter>
    </ClCompile>
    <ClCompile Include="thread\AsyncNotifier.cc">
      <Filter>SOURCE\thread</Filter>
    </ClCompile>
    <ClCompile Include="thread\ThreadPool.cc">
      <Filter>SOURCE\thread</Filter>
    </ClCompile>
    <ClCompile Include="thread\Workload.cc">
      <Filter>SOURCE\thread</Filter>
    </ClCompile>
    <ClCompile Include="task\SimpleTask.cc">
      <Filter>SOURCE\task</Filter>
    </ClCompile>
    <ClCompile Include="task\PlainTextTask.cc">
      <Filter>SOURCE\task</Filter>
    </ClCompile>
    <ClCompile Include="task\BinaryStreamTask.cc">
      <Filter>SOURCE\task</Filter>
    </ClCompile>
    <ClCompile Include="task\BinaryFileTask.cc">
      <Filter>SOURCE\task</Filter>
    </ClCompile>
    <ClCompile Include="deps\cJSON\cJSON.c">
      <Filter>SOURCE\deps\cJSON</Filter>
    </ClCompile>
    <ClCompile Include="deps\xxhash\xxhash.c">
      <Filter>SOURCE\deps\xxhash</Filter>
    </ClCompile>
    <ClCompile Include="fsm\DownloadWork.cc">
      <Filter>SOURCE\fsm</Filter>
    </ClCompile>
    <ClCompile Include="fsm\MapInfo.cc">
      <Filter>SOURCE\fsm</Filter>
    </ClCompile>
    <ClCompile Include="fsm\PhaseMan.cc">
      <Filter>SOURCE\fsm</Filter>
    </ClCompile>
    <ClCompile Include="fsm\TaskMan.cc">
      <Filter>SOURCE\fsm</Filter>
    </ClCompile>
    <ClCompile Include="fsm\xxhashwrapper.cc">
      <Filter>SOURCE\fsm</Filter>
    </ClCompile>
    <ClCompile Include="thread\WorkloadWrapper.cc">
      <Filter>SOURCE\thread</Filter>
    </ClCompile>
  </ItemGroup>
  <ItemGroup>
    <ClInclude Include="thread\AsyncNotifier.h">
      <Filter>SOURCE\thread</Filter>
    </ClInclude>
    <ClInclude Include="thread\ThreadPool.h">
      <Filter>SOURCE\thread</Filter>
    </ClInclude>
    <ClInclude Include="thread\Workload.h">
      <Filter>SOURCE\thread</Filter>
    </ClInclude>
    <ClInclude Include="task\BinaryFileTask.h">
      <Filter>SOURCE\task</Filter>
    </ClInclude>
    <ClInclude Include="task\BinaryStreamTask.h">
      <Filter>SOURCE\task</Filter>
    </ClInclude>
    <ClInclude Include="task\PlainTextTask.h">
      <Filter>SOURCE\task</Filter>
    </ClInclude>
    <ClInclude Include="task\SimpleTask.h">
      <Filter>SOURCE\task</Filter>
    </ClInclude>
    <ClInclude Include="task\CurlWrapper.h">
      <Filter>SOURCE\task</Filter>
    </ClInclude>
    <ClInclude Include="deps\cJSON\cJSON.h">
      <Filter>SOURCE\deps\cJSON</Filter>
    </ClInclude>
    <ClInclude Include="thread\WorkloadWrapper.h">
      <Filter>SOURCE\thread</Filter>
    </ClInclude>
    <ClInclude Include="deps\xxhash\xxhash.h">
      <Filter>SOURCE\deps\xxhash</Filter>
    </ClInclude>
    <ClInclude Include="fsm\DownloadWork.h">
      <Filter>SOURCE\fsm</Filter>
    </ClInclude>
    <ClInclude Include="fsm\EmComm.h">
      <Filter>SOURCE\fsm</Filter>
    </ClInclude>
    <ClInclude Include="fsm\HotTaskItem.h">
      <Filter>SOURCE\fsm</Filter>
    </ClInclude>
    <ClInclude Include="fsm\MapInfo.h">
      <Filter>SOURCE\fsm</Filter>
    </ClInclude>
    <ClInclude Include="fsm\PhaseMan.h">
      <Filter>SOURCE\fsm</Filter>
    </ClInclude>
    <ClInclude Include="fsm\TaskItemBase.h">
      <Filter>SOURCE\fsm</Filter>
    </ClInclude>
    <ClInclude Include="fsm\TaskMan.h">
      <Filter>SOURCE\fsm</Filter>
    </ClInclude>
    <ClInclude Include="fsm\xxhashwrapper.h">
      <Filter>SOURCE\fsm</Filter>
    </ClInclude>
    <ClInclude Include="base\EmComm.h">
      <Filter>SOURCE\base</Filter>
    </ClInclude>
  </ItemGroup>
</Project>