<?xml version="1.0" encoding="utf-8"?>
<Project ToolsVersion="4.0" xmlns="http://schemas.microsoft.com/developer/msbuild/2003">
  <ItemGroup>
    <Filter Include="头文件">
      <UniqueIdentifier>{93995380-89BD-4b04-88EB-625FBE52EBFB}</UniqueIdentifier>
      <Extensions>h;hpp;hxx;hm;inl;inc;xsd</Extensions>
    </Filter>
    <Filter Include="资源文件">
      <UniqueIdentifier>{67DA6AB6-F800-4c08-8B7A-83BB121AAD01}</UniqueIdentifier>
      <Extensions>rc;ico;cur;bmp;dlg;rc2;rct;bin;rgs;gif;jpg;jpeg;jpe;resx;tiff;tif;png;wav;mfcribbon-ms</Extensions>
    </Filter>
    <Filter Include="SOURCE">
      <UniqueIdentifier>{4FC737F1-C7A5-4376-A066-2A32D752A2FF}</UniqueIdentifier>
      <Extensions>cpp;c;cc;cxx;def;odl;idl;hpj;bat;asm;asmx</Extensions>
    </Filter>
    <Filter Include="SOURCE\synker">
      <UniqueIdentifier>{ac611c91-56b7-4b47-bdc4-01704862d49e}</UniqueIdentifier>
    </Filter>
    <Filter Include="SOURCE\synker\base">
      <UniqueIdentifier>{17ece544-ddf8-4e93-9b10-e6b7ffbd1acd}</UniqueIdentifier>
    </Filter>
    <Filter Include="SOURCE\synker\thread">
      <UniqueIdentifier>{0893ccc5-4649-40cd-99da-190a75c009b2}</UniqueIdentifier>
    </Filter>
    <Filter Include="SOURCE\synker\task">
      <UniqueIdentifier>{2c3af0d0-a3b1-46b7-ae53-1e402244f36f}</UniqueIdentifier>
    </Filter>
    <Filter Include="SOURCE\synker\deps">
      <UniqueIdentifier>{88d759bf-ca0f-49ec-870d-c0763acbf738}</UniqueIdentifier>
    </Filter>
    <Filter Include="SOURCE\synker\fasm">
      <UniqueIdentifier>{03376ef0-c3f1-48fe-abbe-e89ce235c5cf}</UniqueIdentifier>
    </Filter>
    <Filter Include="SOURCE\synker\deps\cJSON">
      <UniqueIdentifier>{4d83e5ae-e6ce-41e6-a36c-e7560c6115e7}</UniqueIdentifier>
    </Filter>
    <Filter Include="SOURCE\synker\deps\xxhash">
      <UniqueIdentifier>{815dd806-4dd5-492b-8901-97a9fca0ccc0}</UniqueIdentifier>
    </Filter>
    <Filter Include="SOURCE\synker\pathhelper">
      <UniqueIdentifier>{2860fca4-f942-433a-a310-007c5792bc07}</UniqueIdentifier>
    </Filter>
  </ItemGroup>
  <ItemGroup>
    <ClCompile Include="main.cpp">
      <Filter>SOURCE</Filter>
    </ClCompile>
    <ClCompile Include="synker\fsm\DownloadWork.cc">
      <Filter>SOURCE\synker\fasm</Filter>
    </ClCompile>
    <ClCompile Include="synker\fsm\MapInfo.cc">
      <Filter>SOURCE\synker\fasm</Filter>
    </ClCompile>
    <ClCompile Include="synker\fsm\PhaseMan.cc">
      <Filter>SOURCE\synker\fasm</Filter>
    </ClCompile>
    <ClCompile Include="synker\fsm\TaskMan.cc">
      <Filter>SOURCE\synker\fasm</Filter>
    </ClCompile>
    <ClCompile Include="synker\fsm\xxhashwrapper.cc">
      <Filter>SOURCE\synker\fasm</Filter>
    </ClCompile>
    <ClCompile Include="synker\task\BinaryFileTask.cc">
      <Filter>SOURCE\synker\task</Filter>
    </ClCompile>
    <ClCompile Include="synker\task\BinaryStreamTask.cc">
      <Filter>SOURCE\synker\task</Filter>
    </ClCompile>
    <ClCompile Include="synker\task\PlainTextTask.cc">
      <Filter>SOURCE\synker\task</Filter>
    </ClCompile>
    <ClCompile Include="synker\task\SimpleTask.cc">
      <Filter>SOURCE\synker\task</Filter>
    </ClCompile>
    <ClCompile Include="synker\thread\AsyncNotifier.cc">
      <Filter>SOURCE\synker\thread</Filter>
    </ClCompile>
    <ClCompile Include="synker\thread\ThreadPool.cc">
      <Filter>SOURCE\synker\thread</Filter>
    </ClCompile>
    <ClCompile Include="synker\thread\Workload.cc">
      <Filter>SOURCE\synker\thread</Filter>
    </ClCompile>
    <ClCompile Include="synker\thread\WorkloadWrapper.cc">
      <Filter>SOURCE\synker\thread</Filter>
    </ClCompile>
    <ClCompile Include="synker\deps\cJSON\cJSON.c">
      <Filter>SOURCE\synker\deps\cJSON</Filter>
    </ClCompile>
    <ClCompile Include="synker\deps\xxhash\xxhash.c">
      <Filter>SOURCE\synker\deps\xxhash</Filter>
    </ClCompile>
    <ClCompile Include="synker\pathhelper\pathHelper.cc">
      <Filter>SOURCE\synker\pathhelper</Filter>
    </ClCompile>
  </ItemGroup>
  <ItemGroup>
    <ClInclude Include="synker\base\EmComm.h">
      <Filter>SOURCE\synker\base</Filter>
    </ClInclude>
    <ClInclude Include="synker\fsm\DownloadWork.h">
      <Filter>SOURCE\synker\fasm</Filter>
    </ClInclude>
    <ClInclude Include="synker\fsm\HotTaskItem.h">
      <Filter>SOURCE\synker\fasm</Filter>
    </ClInclude>
    <ClInclude Include="synker\fsm\MapInfo.h">
      <Filter>SOURCE\synker\fasm</Filter>
    </ClInclude>
    <ClInclude Include="synker\fsm\PhaseMan.h">
      <Filter>SOURCE\synker\fasm</Filter>
    </ClInclude>
    <ClInclude Include="synker\fsm\TaskItemBase.h">
      <Filter>SOURCE\synker\fasm</Filter>
    </ClInclude>
    <ClInclude Include="synker\fsm\TaskMan.h">
      <Filter>SOURCE\synker\fasm</Filter>
    </ClInclude>
    <ClInclude Include="synker\fsm\xxhashwrapper.h">
      <Filter>SOURCE\synker\fasm</Filter>
    </ClInclude>
    <ClInclude Include="synker\task\BinaryFileTask.h">
      <Filter>SOURCE\synker\task</Filter>
    </ClInclude>
    <ClInclude Include="synker\task\BinaryStreamTask.h">
      <Filter>SOURCE\synker\task</Filter>
    </ClInclude>
    <ClInclude Include="synker\task\CurlWrapper.h">
      <Filter>SOURCE\synker\task</Filter>
    </ClInclude>
    <ClInclude Include="synker\task\PlainTextTask.h">
      <Filter>SOURCE\synker\task</Filter>
    </ClInclude>
    <ClInclude Include="synker\task\SimpleTask.h">
      <Filter>SOURCE\synker\task</Filter>
    </ClInclude>
    <ClInclude Include="synker\thread\AsyncNotifier.h">
      <Filter>SOURCE\synker\thread</Filter>
    </ClInclude>
    <ClInclude Include="synker\thread\ThreadPool.h">
      <Filter>SOURCE\synker\thread</Filter>
    </ClInclude>
    <ClInclude Include="synker\thread\Workload.h">
      <Filter>SOURCE\synker\thread</Filter>
    </ClInclude>
    <ClInclude Include="synker\thread\WorkloadWrapper.h">
      <Filter>SOURCE\synker\thread</Filter>
    </ClInclude>
    <ClInclude Include="synker\deps\cJSON\cJSON.h">
      <Filter>SOURCE\synker\deps\cJSON</Filter>
    </ClInclude>
    <ClInclude Include="synker\deps\xxhash\xxhash.h">
      <Filter>SOURCE\synker\deps\xxhash</Filter>
    </ClInclude>
    <ClInclude Include="synker\pathhelper\PathHelper.h">
      <Filter>SOURCE\synker\pathhelper</Filter>
    </ClInclude>
  </ItemGroup>
  <ItemGroup>
    <None Include="synker\pathhelper\PathHelper.mm">
      <Filter>SOURCE\synker\pathhelper</Filter>
    </None>
  </ItemGroup>
</Project>